
Microsoft Visual Studio Solution File, Format Version 12.00
# Visual Studio Version 17
VisualStudioVersion = 17.7.34031.279
MinimumVisualStudioVersion = 10.0.40219.1
Project("{8BC9CEB8-8B4A-11D0-8D11-00A0C91BC942}") = "information_communication", "information_communication\information_communication.vcxproj", "{251D7438-39A0-4D68-8F91-971112C3B4DC}"
EndProject
Global
	GlobalSection(SolutionConfigurationPlatforms) = preSolution
		Debug|x64 = Debug|x64
		Debug|x86 = Debug|x86
		Release|x64 = Release|x64
		Release|x86 = Release|x86
	EndGlobalSection
	GlobalSection(ProjectConfigurationPlatforms) = postSolution
		{251D7438-39A0-4D68-8F91-971112C3B4DC}.Debug|x64.ActiveCfg = Debug|x64
		{251D7438-39A0-4D68-8F91-971112C3B4DC}.Debug|x64.Build.0 = Debug|x64
		{251D7438-39A0-4D68-8F91-971112C3B4DC}.Debug|x86.ActiveCfg = Debug|Win32
		{251D7438-39A0-4D68-8F91-971112C3B4DC}.Debug|x86.Build.0 = Debug|Win32
		{251D7438-39A0-4D68-8F91-971112C3B4DC}.Release|x64.ActiveCfg = Release|x64
		{251D7438-39A0-4D68-8F91-971112C3B4DC}.Release|x64.Build.0 = Release|x64
		{251D7438-39A0-4D68-8F91-971112C3B4DC}.Release|x86.ActiveCfg = Release|Win32
		{251D7438-39A0-4D68-8F91-971112C3B4DC}.Release|x86.Build.0 = Release|Win32
	EndGlobalSection
	GlobalSection(SolutionProperties) = preSolution
		HideSolutionNode = FALSE
	EndGlobalSection
	GlobalSection(ExtensibilityGlobals) = postSolution
		SolutionGuid = {DBC47C3F-469F-4F03-B462-17C947988DAD}
	EndGlobalSection
EndGlobal
